// !$*UTF8*$!
{
	archiveVersion = 1;
	classes = {
	};
	objectVersion = 46;
	objects = {

/* Begin PBXBuildFile section */
		37DE62F61B105B7C00160552 /* AppDelegate.swift in Sources */ = {isa = PBXBuildFile; fileRef = 37DE62F51B105B7C00160552 /* AppDelegate.swift */; };
		37DE62F81B105B7C00160552 /* ViewController.swift in Sources */ = {isa = PBXBuildFile; fileRef = 37DE62F71B105B7C00160552 /* ViewController.swift */; };
		37DE62FB1B105B7C00160552 /* MySeries.xcdatamodeld in Sources */ = {isa = PBXBuildFile; fileRef = 37DE62F91B105B7C00160552 /* MySeries.xcdatamodeld */; };
		37DE62FD1B105B7C00160552 /* Images.xcassets in Resources */ = {isa = PBXBuildFile; fileRef = 37DE62FC1B105B7C00160552 /* Images.xcassets */; };
		37DE63001B105B7C00160552 /* Main.storyboard in Resources */ = {isa = PBXBuildFile; fileRef = 37DE62FE1B105B7C00160552 /* Main.storyboard */; };
		37DE630C1B105B7C00160552 /* MySeriesTests.swift in Sources */ = {isa = PBXBuildFile; fileRef = 37DE630B1B105B7C00160552 /* MySeriesTests.swift */; };
		37DE63161B105C6000160552 /* Serie.swift in Sources */ = {isa = PBXBuildFile; fileRef = 37DE63151B105C6000160552 /* Serie.swift */; };
/* End PBXBuildFile section */

/* Begin PBXContainerItemProxy section */
		37DE63061B105B7C00160552 /* PBXContainerItemProxy */ = {
			isa = PBXContainerItemProxy;
			containerPortal = 37DE62E81B105B7C00160552 /* Project object */;
			proxyType = 1;
			remoteGlobalIDString = 37DE62EF1B105B7C00160552;
			remoteInfo = MySeries;
		};
/* End PBXContainerItemProxy section */

/* Begin PBXFileReference section */
		37DE62F01B105B7C00160552 /* MySeries.app */ = {isa = PBXFileReference; explicitFileType = wrapper.application; includeInIndex = 0; path = MySeries.app; sourceTree = BUILT_PRODUCTS_DIR; };
		37DE62F41B105B7C00160552 /* Info.plist */ = {isa = PBXFileReference; lastKnownFileType = text.plist.xml; path = Info.plist; sourceTree = "<group>"; };
		37DE62F51B105B7C00160552 /* AppDelegate.swift */ = {isa = PBXFileReference; lastKnownFileType = sourcecode.swift; path = AppDelegate.swift; sourceTree = "<group>"; };
		37DE62F71B105B7C00160552 /* ViewController.swift */ = {isa = PBXFileReference; lastKnownFileType = sourcecode.swift; path = ViewController.swift; sourceTree = "<group>"; };
		37DE62FA1B105B7C00160552 /* MySeries.xcdatamodel */ = {isa = PBXFileReference; lastKnownFileType = wrapper.xcdatamodel; path = MySeries.xcdatamodel; sourceTree = "<group>"; };
		37DE62FC1B105B7C00160552 /* Images.xcassets */ = {isa = PBXFileReference; lastKnownFileType = folder.assetcatalog; path = Images.xcassets; sourceTree = "<group>"; };
		37DE62FF1B105B7C00160552 /* Base */ = {isa = PBXFileReference; lastKnownFileType = file.storyboard; name = Base; path = Base.lproj/Main.storyboard; sourceTree = "<group>"; };
		37DE63051B105B7C00160552 /* MySeriesTests.xctest */ = {isa = PBXFileReference; explicitFileType = wrapper.cfbundle; includeInIndex = 0; path = MySeriesTests.xctest; sourceTree = BUILT_PRODUCTS_DIR; };
		37DE630A1B105B7C00160552 /* Info.plist */ = {isa = PBXFileReference; lastKnownFileType = text.plist.xml; path = Info.plist; sourceTree = "<group>"; };
		37DE630B1B105B7C00160552 /* MySeriesTests.swift */ = {isa = PBXFileReference; lastKnownFileType = sourcecode.swift; path = MySeriesTests.swift; sourceTree = "<group>"; };
		37DE63151B105C6000160552 /* Serie.swift */ = {isa = PBXFileReference; fileEncoding = 4; lastKnownFileType = sourcecode.swift; path = Serie.swift; sourceTree = "<group>"; };
/* End PBXFileReference section */

/* Begin PBXFrameworksBuildPhase section */
		37DE62ED1B105B7C00160552 /* Frameworks */ = {
			isa = PBXFrameworksBuildPhase;
			buildActionMask = 2147483647;
			files = (
			);
			runOnlyForDeploymentPostprocessing = 0;
		};
		37DE63021B105B7C00160552 /* Frameworks */ = {
			isa = PBXFrameworksBuildPhase;
			buildActionMask = 2147483647;
			files = (
			);
			runOnlyForDeploymentPostprocessing = 0;
		};
/* End PBXFrameworksBuildPhase section */

/* Begin PBXGroup section */
		37DE62E71B105B7C00160552 = {
			isa = PBXGroup;
			children = (
				37DE62F21B105B7C00160552 /* MySeries */,
				37DE63081B105B7C00160552 /* MySeriesTests */,
				37DE62F11B105B7C00160552 /* Products */,
			);
			sourceTree = "<group>";
		};
		37DE62F11B105B7C00160552 /* Products */ = {
			isa = PBXGroup;
			children = (
				37DE62F01B105B7C00160552 /* MySeries.app */,
				37DE63051B105B7C00160552 /* MySeriesTests.xctest */,
			);
			name = Products;
			sourceTree = "<group>";
		};
		37DE62F21B105B7C00160552 /* MySeries */ = {
			isa = PBXGroup;
			children = (
				37DE63151B105C6000160552 /* Serie.swift */,
				37DE62F51B105B7C00160552 /* AppDelegate.swift */,
				37DE62F71B105B7C00160552 /* ViewController.swift */,
				37DE62FC1B105B7C00160552 /* Images.xcassets */,
				37DE62FE1B105B7C00160552 /* Main.storyboard */,
				37DE62F91B105B7C00160552 /* MySeries.xcdatamodeld */,
				37DE62F31B105B7C00160552 /* Supporting Files */,
			);
			path = MySeries;
			sourceTree = "<group>";
		};
		37DE62F31B105B7C00160552 /* Supporting Files */ = {
			isa = PBXGroup;
			children = (
				37DE62F41B105B7C00160552 /* Info.plist */,
			);
			name = "Supporting Files";
			sourceTree = "<group>";
		};
		37DE63081B105B7C00160552 /* MySeriesTests */ = {
			isa = PBXGroup;
			children = (
				37DE630B1B105B7C00160552 /* MySeriesTests.swift */,
				37DE63091B105B7C00160552 /* Supporting Files */,
			);
			path = MySeriesTests;
			sourceTree = "<group>";
		};
		37DE63091B105B7C00160552 /* Supporting Files */ = {
			isa = PBXGroup;
			children = (
				37DE630A1B105B7C00160552 /* Info.plist */,
			);
			name = "Supporting Files";
			sourceTree = "<group>";
		};
/* End PBXGroup section */

/* Begin PBXNativeTarget section */
		37DE62EF1B105B7C00160552 /* MySeries */ = {
			isa = PBXNativeTarget;
			buildConfigurationList = 37DE630F1B105B7C00160552 /* Build configuration list for PBXNativeTarget "MySeries" */;
			buildPhases = (
				37DE62EC1B105B7C00160552 /* Sources */,
				37DE62ED1B105B7C00160552 /* Frameworks */,
				37DE62EE1B105B7C00160552 /* Resources */,
			);
			buildRules = (
			);
			dependencies = (
			);
			name = MySeries;
			productName = MySeries;
			productReference = 37DE62F01B105B7C00160552 /* MySeries.app */;
			productType = "com.apple.product-type.application";
		};
		37DE63041B105B7C00160552 /* MySeriesTests */ = {
			isa = PBXNativeTarget;
			buildConfigurationList = 37DE63121B105B7C00160552 /* Build configuration list for PBXNativeTarget "MySeriesTests" */;
			buildPhases = (
				37DE63011B105B7C00160552 /* Sources */,
				37DE63021B105B7C00160552 /* Frameworks */,
				37DE63031B105B7C00160552 /* Resources */,
			);
			buildRules = (
			);
			dependencies = (
				37DE63071B105B7C00160552 /* PBXTargetDependency */,
			);
			name = MySeriesTests;
			productName = MySeriesTests;
			productReference = 37DE63051B105B7C00160552 /* MySeriesTests.xctest */;
			productType = "com.apple.product-type.bundle.unit-test";
		};
/* End PBXNativeTarget section */

/* Begin PBXProject section */
		37DE62E81B105B7C00160552 /* Project object */ = {
			isa = PBXProject;
			attributes = {
				LastUpgradeCheck = 0630;
				ORGANIZATIONNAME = nc;
				TargetAttributes = {
					37DE62EF1B105B7C00160552 = {
						CreatedOnToolsVersion = 6.3.2;
					};
					37DE63041B105B7C00160552 = {
						CreatedOnToolsVersion = 6.3.2;
						TestTargetID = 37DE62EF1B105B7C00160552;
					};
				};
			};
			buildConfigurationList = 37DE62EB1B105B7C00160552 /* Build configuration list for PBXProject "MySeries" */;
			compatibilityVersion = "Xcode 3.2";
			developmentRegion = English;
			hasScannedForEncodings = 0;
			knownRegions = (
				en,
				Base,
			);
			mainGroup = 37DE62E71B105B7C00160552;
			productRefGroup = 37DE62F11B105B7C00160552 /* Products */;
			projectDirPath = "";
			projectRoot = "";
			targets = (
				37DE62EF1B105B7C00160552 /* MySeries */,
				37DE63041B105B7C00160552 /* MySeriesTests */,
			);
		};
/* End PBXProject section */

/* Begin PBXResourcesBuildPhase section */
		37DE62EE1B105B7C00160552 /* Resources */ = {
			isa = PBXResourcesBuildPhase;
			buildActionMask = 2147483647;
			files = (
				37DE62FD1B105B7C00160552 /* Images.xcassets in Resources */,
				37DE63001B105B7C00160552 /* Main.storyboard in Resources */,
			);
			runOnlyForDeploymentPostprocessing = 0;
		};
		37DE63031B105B7C00160552 /* Resources */ = {
			isa = PBXResourcesBuildPhase;
			buildActionMask = 2147483647;
			files = (
			);
			runOnlyForDeploymentPostprocessing = 0;
		};
/* End PBXResourcesBuildPhase section */

/* Begin PBXSourcesBuildPhase section */
		37DE62EC1B105B7C00160552 /* Sources */ = {
			isa = PBXSourcesBuildPhase;
			buildActionMask = 2147483647;
			files = (
				37DE62FB1B105B7C00160552 /* MySeries.xcdatamodeld in Sources */,
				37DE62F81B105B7C00160552 /* ViewController.swift in Sources */,
				37DE63161B105C6000160552 /* Serie.swift in Sources */,
				37DE62F61B105B7C00160552 /* AppDelegate.swift in Sources */,
			);
			runOnlyForDeploymentPostprocessing = 0;
		};
		37DE63011B105B7C00160552 /* Sources */ = {
			isa = PBXSourcesBuildPhase;
			buildActionMask = 2147483647;
			files = (
				37DE630C1B105B7C00160552 /* MySeriesTests.swift in Sources */,
			);
			runOnlyForDeploymentPostprocessing = 0;
		};
/* End PBXSourcesBuildPhase section */

/* Begin PBXTargetDependency section */
		37DE63071B105B7C00160552 /* PBXTargetDependency */ = {
			isa = PBXTargetDependency;
			target = 37DE62EF1B105B7C00160552 /* MySeries */;
			targetProxy = 37DE63061B105B7C00160552 /* PBXContainerItemProxy */;
		};
/* End PBXTargetDependency section */

/* Begin PBXVariantGroup section */
		37DE62FE1B105B7C00160552 /* Main.storyboard */ = {
			isa = PBXVariantGroup;
			children = (
				37DE62FF1B105B7C00160552 /* Base */,
			);
			name = Main.storyboard;
			sourceTree = "<group>";
		};
/* End PBXVariantGroup section */

/* Begin XCBuildConfiguration section */
		37DE630D1B105B7C00160552 /* Debug */ = {
			isa = XCBuildConfiguration;
			buildSettings = {
				ALWAYS_SEARCH_USER_PATHS = NO;
				CLANG_CXX_LANGUAGE_STANDARD = "gnu++0x";
				CLANG_CXX_LIBRARY = "libc++";
				CLANG_ENABLE_MODULES = YES;
				CLANG_ENABLE_OBJC_ARC = YES;
				CLANG_WARN_BOOL_CONVERSION = YES;
				CLANG_WARN_CONSTANT_CONVERSION = YES;
				CLANG_WARN_DIRECT_OBJC_ISA_USAGE = YES_ERROR;
				CLANG_WARN_EMPTY_BODY = YES;
				CLANG_WARN_ENUM_CONVERSION = YES;
				CLANG_WARN_INT_CONVERSION = YES;
				CLANG_WARN_OBJC_ROOT_CLASS = YES_ERROR;
				CLANG_WARN_UNREACHABLE_CODE = YES;
				CLANG_WARN__DUPLICATE_METHOD_MATCH = YES;
				CODE_SIGN_IDENTITY = "-";
				COPY_PHASE_STRIP = NO;
				DEBUG_INFORMATION_FORMAT = dwarf;
				ENABLE_STRICT_OBJC_MSGSEND = YES;
				GCC_C_LANGUAGE_STANDARD = gnu99;
				GCC_DYNAMIC_NO_PIC = NO;
				GCC_NO_COMMON_BLOCKS = YES;
				GCC_OPTIMIZATION_LEVEL = 0;
				GCC_PREPROCESSOR_DEFINITIONS = (
					"DEBUG=1",
					"$(inherited)",
				);
				GCC_SYMBOLS_PRIVATE_EXTERN = NO;
				GCC_WARN_64_TO_32_BIT_CONVERSION = YES;
				GCC_WARN_ABOUT_RETURN_TYPE = YES_ERROR;
				GCC_WARN_UNDECLARED_SELECTOR = YES;
				GCC_WARN_UNINITIALIZED_AUTOS = YES_AGGRESSIVE;
				GCC_WARN_UNUSED_FUNCTION = YES;
				GCC_WARN_UNUSED_VARIABLE = YES;
				MACOSX_DEPLOYMENT_TARGET = 10.10;
				MTL_ENABLE_DEBUG_INFO = YES;
				ONLY_ACTIVE_ARCH = YES;
				SDKROOT = macosx;
				SWIFT_OPTIMIZATION_LEVEL = "-Onone";
			};
			name = Debug;
		};
		37DE630E1B105B7C00160552 /* Release */ = {
			isa = XCBuildConfiguration;
			buildSettings = {
				ALWAYS_SEARCH_USER_PATHS = NO;
				CLANG_CXX_LANGUAGE_STANDARD = "gnu++0x";
				CLANG_CXX_LIBRARY = "libc++";
				CLANG_ENABLE_MODULES = YES;
				CLANG_ENABLE_OBJC_ARC = YES;
				CLANG_WARN_BOOL_CONVERSION = YES;
				CLANG_WARN_CONSTANT_CONVERSION = YES;
				CLANG_WARN_DIRECT_OBJC_ISA_USAGE = YES_ERROR;
				CLANG_WARN_EMPTY_BODY = YES;
				CLANG_WARN_ENUM_CONVERSION = YES;
				CLANG_WARN_INT_CONVERSION = YES;
				CLANG_WARN_OBJC_ROOT_CLASS = YES_ERROR;
				CLANG_WARN_UNREACHABLE_CODE = YES;
				CLANG_WARN__DUPLICATE_METHOD_MATCH = YES;
				CODE_SIGN_IDENTITY = "-";
				COPY_PHASE_STRIP = NO;
				DEBUG_INFORMATION_FORMAT = "dwarf-with-dsym";
				ENABLE_NS_ASSERTIONS = NO;
				ENABLE_STRICT_OBJC_MSGSEND = YES;
				GCC_C_LANGUAGE_STANDARD = gnu99;
				GCC_NO_COMMON_BLOCKS = YES;
				GCC_WARN_64_TO_32_BIT_CONVERSION = YES;
				GCC_WARN_ABOUT_RETURN_TYPE = YES_ERROR;
				GCC_WARN_UNDECLARED_SELECTOR = YES;
				GCC_WARN_UNINITIALIZED_AUTOS = YES_AGGRESSIVE;
				GCC_WARN_UNUSED_FUNCTION = YES;
				GCC_WARN_UNUSED_VARIABLE = YES;
				MACOSX_DEPLOYMENT_TARGET = 10.10;
				MTL_ENABLE_DEBUG_INFO = NO;
				SDKROOT = macosx;
			};
			name = Release;
		};
		37DE63101B105B7C00160552 /* Debug */ = {
			isa = XCBuildConfiguration;
			buildSettings = {
				ASSETCATALOG_COMPILER_APPICON_NAME = AppIcon;
				COMBINE_HIDPI_IMAGES = YES;
				INFOPLIST_FILE = MySeries/Info.plist;
				LD_RUNPATH_SEARCH_PATHS = "$(inherited) @executable_path/../Frameworks";
				PRODUCT_NAME = "$(TARGET_NAME)";
			};
			name = Debug;
		};
		37DE63111B105B7C00160552 /* Release */ = {
			isa = XCBuildConfiguration;
			buildSettings = {
				ASSETCATALOG_COMPILER_APPICON_NAME = AppIcon;
				COMBINE_HIDPI_IMAGES = YES;
				INFOPLIST_FILE = MySeries/Info.plist;
				LD_RUNPATH_SEARCH_PATHS = "$(inherited) @executable_path/../Frameworks";
				PRODUCT_NAME = "$(TARGET_NAME)";
			};
			name = Release;
		};
		37DE63131B105B7C00160552 /* Debug */ = {
			isa = XCBuildConfiguration;
			buildSettings = {
				BUNDLE_LOADER = "$(TEST_HOST)";
				COMBINE_HIDPI_IMAGES = YES;
				FRAMEWORK_SEARCH_PATHS = (
					"$(DEVELOPER_FRAMEWORKS_DIR)",
					"$(inherited)",
				);
				GCC_PREPROCESSOR_DEFINITIONS = (
					"DEBUG=1",
					"$(inherited)",
				);
				INFOPLIST_FILE = MySeriesTests/Info.plist;
				LD_RUNPATH_SEARCH_PATHS = "$(inherited) @executable_path/../Frameworks @loader_path/../Frameworks";
				PRODUCT_NAME = "$(TARGET_NAME)";
				TEST_HOST = "$(BUILT_PRODUCTS_DIR)/MySeries.app/Contents/MacOS/MySeries";
			};
			name = Debug;
		};
		37DE63141B105B7C00160552 /* Release */ = {
			isa = XCBuildConfiguration;
			buildSettings = {
				BUNDLE_LOADER = "$(TEST_HOST)";
				COMBINE_HIDPI_IMAGES = YES;
				FRAMEWORK_SEARCH_PATHS = (
					"$(DEVELOPER_FRAMEWORKS_DIR)",
					"$(inherited)",
				);
				INFOPLIST_FILE = MySeriesTests/Info.plist;
				LD_RUNPATH_SEARCH_PATHS = "$(inherited) @executable_path/../Frameworks @loader_path/../Frameworks";
				PRODUCT_NAME = "$(TARGET_NAME)";
				TEST_HOST = "$(BUILT_PRODUCTS_DIR)/MySeries.app/Contents/MacOS/MySeries";
			};
			name = Release;
		};
/* End XCBuildConfiguration section */

/* Begin XCConfigurationList section */
		37DE62EB1B105B7C00160552 /* Build configuration list for PBXProject "MySeries" */ = {
			isa = XCConfigurationList;
			buildConfigurations = (
				37DE630D1B105B7C00160552 /* Debug */,
				37DE630E1B105B7C00160552 /* Release */,
			);
			defaultConfigurationIsVisible = 0;
			defaultConfigurationName = Release;
		};
		37DE630F1B105B7C00160552 /* Build configuration list for PBXNativeTarget "MySeries" */ = {
			isa = XCConfigurationList;
			buildConfigurations = (
				37DE63101B105B7C00160552 /* Debug */,
				37DE63111B105B7C00160552 /* Release */,
			);
			defaultConfigurationIsVisible = 0;
		};
		37DE63121B105B7C00160552 /* Build configuration list for PBXNativeTarget "MySeriesTests" */ = {
			isa = XCConfigurationList;
			buildConfigurations = (
				37DE63131B105B7C00160552 /* Debug */,
				37DE63141B105B7C00160552 /* Release */,
			);
			defaultConfigurationIsVisible = 0;
		};
/* End XCConfigurationList section */

/* Begin XCVersionGroup section */
		37DE62F91B105B7C00160552 /* MySeries.xcdatamodeld */ = {
			isa = XCVersionGroup;
			children = (
				37DE62FA1B105B7C00160552 /* MySeries.xcdatamodel */,
			);
			currentVersion = 37DE62FA1B105B7C00160552 /* MySeries.xcdatamodel */;
			path = MySeries.xcdatamodeld;
			sourceTree = "<group>";
			versionGroupType = wrapper.xcdatamodel;
		};
/* End XCVersionGroup section */
	};
	rootObject = 37DE62E81B105B7C00160552 /* Project object */;
}
